
Microsoft Visual Studio Solution File, Format Version 12.00
# Visual Studio Version 17
VisualStudioVersion = 17.3.32901.215
MinimumVisualStudioVersion = 10.0.40219.1
Project("{9A19103F-16F7-4668-BE54-9A1E7A4F7556}") = "Astrilla_Web", "Astrilla\Astrilla_Web.csproj", "{61C137A0-851B-4357-AC7E-D9D3297FD8BB}"
EndProject
Project("{FAE04EC0-301F-11D3-BF4B-00C04F79EFBC}") = "Astrilla_Logic", "Astrilla_Logic\Astrilla_Logic.csproj", "{E1597E8C-FACC-465C-B490-C4FF2A8F7721}"
EndProject
Project("{FAE04EC0-301F-11D3-BF4B-00C04F79EFBC}") = "Astrilla_WebEditor_WinForms", "Astrilla_WebEditor_WinForms\Astrilla_WebEditor_WinForms.csproj", "{7CA8ED60-DBEC-4D13-9584-6313B389998A}"
EndProject
Global
	GlobalSection(SolutionConfigurationPlatforms) = preSolution
		Debug|Any CPU = Debug|Any CPU
		Release|Any CPU = Release|Any CPU
	EndGlobalSection
	GlobalSection(ProjectConfigurationPlatforms) = postSolution
		{61C137A0-851B-4357-AC7E-D9D3297FD8BB}.Debug|Any CPU.ActiveCfg = Debug|Any CPU
		{61C137A0-851B-4357-AC7E-D9D3297FD8BB}.Debug|Any CPU.Build.0 = Debug|Any CPU
		{61C137A0-851B-4357-AC7E-D9D3297FD8BB}.Release|Any CPU.ActiveCfg = Release|Any CPU
		{61C137A0-851B-4357-AC7E-D9D3297FD8BB}.Release|Any CPU.Build.0 = Release|Any CPU
		{E1597E8C-FACC-465C-B490-C4FF2A8F7721}.Debug|Any CPU.ActiveCfg = Debug|Any CPU
		{E1597E8C-FACC-465C-B490-C4FF2A8F7721}.Debug|Any CPU.Build.0 = Debug|Any CPU
		{E1597E8C-FACC-465C-B490-C4FF2A8F7721}.Release|Any CPU.ActiveCfg = Release|Any CPU
		{E1597E8C-FACC-465C-B490-C4FF2A8F7721}.Release|Any CPU.Build.0 = Release|Any CPU
		{7CA8ED60-DBEC-4D13-9584-6313B389998A}.Debug|Any CPU.ActiveCfg = Debug|Any CPU
		{7CA8ED60-DBEC-4D13-9584-6313B389998A}.Debug|Any CPU.Build.0 = Debug|Any CPU
		{7CA8ED60-DBEC-4D13-9584-6313B389998A}.Release|Any CPU.ActiveCfg = Release|Any CPU
		{7CA8ED60-DBEC-4D13-9584-6313B389998A}.Release|Any CPU.Build.0 = Release|Any CPU
	EndGlobalSection
	GlobalSection(SolutionProperties) = preSolution
		HideSolutionNode = FALSE
	EndGlobalSection
	GlobalSection(ExtensibilityGlobals) = postSolution
		SolutionGuid = {3C1D66B5-8D1B-4FEC-B1C9-590DF1E2EE97}
	EndGlobalSection
EndGlobal
